
Microsoft Visual Studio Solution File, Format Version 12.00
# Visual Studio 2012
Project("{FAE04EC0-301F-11D3-BF4B-00C04F79EFBC}") = "BombBomb", "BombBomb\BombBomb.csproj", "{E6609855-3B92-4092-AE60-2CC3A652C2D4}"
EndProject
Project("{FAE04EC0-301F-11D3-BF4B-00C04F79EFBC}") = "BombBombTest", "BombBombTest\BombBombTest.csproj", "{3627FE35-1F6C-412E-9001-A7FC30034192}"
EndProject
Global
	GlobalSection(SolutionConfigurationPlatforms) = preSolution
		Debug|Any CPU = Debug|Any CPU
		Release|Any CPU = Release|Any CPU
	EndGlobalSection
	GlobalSection(ProjectConfigurationPlatforms) = postSolution
		{E6609855-3B92-4092-AE60-2CC3A652C2D4}.Debug|Any CPU.ActiveCfg = Debug|Any CPU
		{E6609855-3B92-4092-AE60-2CC3A652C2D4}.Debug|Any CPU.Build.0 = Debug|Any CPU
		{E6609855-3B92-4092-AE60-2CC3A652C2D4}.Release|Any CPU.ActiveCfg = Release|Any CPU
		{E6609855-3B92-4092-AE60-2CC3A652C2D4}.Release|Any CPU.Build.0 = Release|Any CPU
		{3627FE35-1F6C-412E-9001-A7FC30034192}.Debug|Any CPU.ActiveCfg = Debug|Any CPU
		{3627FE35-1F6C-412E-9001-A7FC30034192}.Debug|Any CPU.Build.0 = Debug|Any CPU
		{3627FE35-1F6C-412E-9001-A7FC30034192}.Release|Any CPU.ActiveCfg = Release|Any CPU
		{3627FE35-1F6C-412E-9001-A7FC30034192}.Release|Any CPU.Build.0 = Release|Any CPU
	EndGlobalSection
	GlobalSection(SolutionProperties) = preSolution
		HideSolutionNode = FALSE
	EndGlobalSection
EndGlobal
